
Microsoft Visual Studio Solution File, Format Version 12.00
# Visual Studio Version 17
VisualStudioVersion = 17.11.35312.102
MinimumVisualStudioVersion = 10.0.40219.1
Project("{FAE04EC0-301F-11D3-BF4B-00C04F79EFBC}") = "ContaDeBanco", "ContaDeBanco\ContaDeBanco.csproj", "{6CEF9784-7730-4698-AEE5-22D421FA900E}"
EndProject
Global
	GlobalSection(SolutionConfigurationPlatforms) = preSolution
		Debug|Any CPU = Debug|Any CPU
		Release|Any CPU = Release|Any CPU
	EndGlobalSection
	GlobalSection(ProjectConfigurationPlatforms) = postSolution
		{6CEF9784-7730-4698-AEE5-22D421FA900E}.Debug|Any CPU.ActiveCfg = Debug|Any CPU
		{6CEF9784-7730-4698-AEE5-22D421FA900E}.Debug|Any CPU.Build.0 = Debug|Any CPU
		{6CEF9784-7730-4698-AEE5-22D421FA900E}.Release|Any CPU.ActiveCfg = Release|Any CPU
		{6CEF9784-7730-4698-AEE5-22D421FA900E}.Release|Any CPU.Build.0 = Release|Any CPU
	EndGlobalSection
	GlobalSection(SolutionProperties) = preSolution
		HideSolutionNode = FALSE
	EndGlobalSection
	GlobalSection(ExtensibilityGlobals) = postSolution
		SolutionGuid = {E962CD0C-3AC5-4C29-B4EF-D58F18E50AC5}
	EndGlobalSection
EndGlobal
